
Microsoft Visual Studio Solution File, Format Version 12.00
# Visual Studio 15
VisualStudioVersion = 15.0.27703.2018
MinimumVisualStudioVersion = 10.0.40219.1
Project("{9A19103F-16F7-4668-BE54-9A1E7A4F7556}") = "Faker", "Faker\Faker.csproj", "{7B9B542E-E8F2-4CB2-826B-BF28373B18EE}"
EndProject
Project("{9A19103F-16F7-4668-BE54-9A1E7A4F7556}") = "Faker.Tests", "Faker.Tests\Faker.Tests.csproj", "{95D28840-5EC7-4044-891E-DDBF0B2D3871}"
EndProject
Global
	GlobalSection(SolutionConfigurationPlatforms) = preSolution
		Debug|Any CPU = Debug|Any CPU
		Release|Any CPU = Release|Any CPU
	EndGlobalSection
	GlobalSection(ProjectConfigurationPlatforms) = postSolution
		{7B9B542E-E8F2-4CB2-826B-BF28373B18EE}.Debug|Any CPU.ActiveCfg = Debug|Any CPU
		{7B9B542E-E8F2-4CB2-826B-BF28373B18EE}.Debug|Any CPU.Build.0 = Debug|Any CPU
		{7B9B542E-E8F2-4CB2-826B-BF28373B18EE}.Release|Any CPU.ActiveCfg = Release|Any CPU
		{7B9B542E-E8F2-4CB2-826B-BF28373B18EE}.Release|Any CPU.Build.0 = Release|Any CPU
		{95D28840-5EC7-4044-891E-DDBF0B2D3871}.Debug|Any CPU.ActiveCfg = Debug|Any CPU
		{95D28840-5EC7-4044-891E-DDBF0B2D3871}.Debug|Any CPU.Build.0 = Debug|Any CPU
		{95D28840-5EC7-4044-891E-DDBF0B2D3871}.Release|Any CPU.ActiveCfg = Release|Any CPU
		{95D28840-5EC7-4044-891E-DDBF0B2D3871}.Release|Any CPU.Build.0 = Release|Any CPU
	EndGlobalSection
	GlobalSection(SolutionProperties) = preSolution
		HideSolutionNode = FALSE
	EndGlobalSection
	GlobalSection(ExtensibilityGlobals) = postSolution
		SolutionGuid = {949E61BB-7D28-48B9-9105-17D52EE4CE04}
	EndGlobalSection
EndGlobal
